// !$*UTF8*$!
{
	archiveVersion = 1;
	classes = {
	};
	objectVersion = 55;
	objects = {

/* Begin PBXBuildFile section */
		741F53C1281D004900D6039F /* ProtectionProxy.swift in Sources */ = {isa = PBXBuildFile; fileRef = 741F53C0281D004900D6039F /* ProtectionProxy.swift */; };
		741F53C3281D025000D6039F /* PropertyProxy.swift in Sources */ = {isa = PBXBuildFile; fileRef = 741F53C2281D024F00D6039F /* PropertyProxy.swift */; };
		741F53C7281D08FE00D6039F /* MethodChain.swift in Sources */ = {isa = PBXBuildFile; fileRef = 741F53C6281D08FE00D6039F /* MethodChain.swift */; };
		741F53C9281D0E2B00D6039F /* BrokerChain.swift in Sources */ = {isa = PBXBuildFile; fileRef = 741F53C8281D0E2B00D6039F /* BrokerChain.swift */; };
		741F53CC281D5C1500D6039F /* Command.swift in Sources */ = {isa = PBXBuildFile; fileRef = 741F53CB281D5C1500D6039F /* Command.swift */; };
		743026D3280DB5E10084797A /* Bridge.swift in Sources */ = {isa = PBXBuildFile; fileRef = 743026D2280DB5E10084797A /* Bridge.swift */; };
		743026D6280DB6ED0084797A /* Composite.swift in Sources */ = {isa = PBXBuildFile; fileRef = 743026D5280DB6ED0084797A /* Composite.swift */; };
		743026D8280DB7C70084797A /* NeuralNetwork.swift in Sources */ = {isa = PBXBuildFile; fileRef = 743026D7280DB7C70084797A /* NeuralNetwork.swift */; };
		747B84F628125EB000887045 /* CustomStringBuilder.swift in Sources */ = {isa = PBXBuildFile; fileRef = 747B84F528125EB000887045 /* CustomStringBuilder.swift */; };
		747B84F8281260FE00887045 /* MultipleInharitance.swift in Sources */ = {isa = PBXBuildFile; fileRef = 747B84F7281260FE00887045 /* MultipleInharitance.swift */; };
		747B84FA2812624200887045 /* DynamicDecorator.swift in Sources */ = {isa = PBXBuildFile; fileRef = 747B84F92812624200887045 /* DynamicDecorator.swift */; };
		747B85092813C97B00887045 /* Facade.swift in Sources */ = {isa = PBXBuildFile; fileRef = 747B85082813C97B00887045 /* Facade.swift */; };
		747B850C2813CE0300887045 /* FlyWeight.swift in Sources */ = {isa = PBXBuildFile; fileRef = 747B850B2813CE0300887045 /* FlyWeight.swift */; };
		747B850E2813D9FB00887045 /* TextFormatting.swift in Sources */ = {isa = PBXBuildFile; fileRef = 747B850D2813D9FB00887045 /* TextFormatting.swift */; };
		74C822A3280AD26C00A5A540 /* main.swift in Sources */ = {isa = PBXBuildFile; fileRef = 74C822A2280AD26C00A5A540 /* main.swift */; };
		74C822AB280AD2A100A5A540 /* SingleResposibility.swift in Sources */ = {isa = PBXBuildFile; fileRef = 74C822AA280AD2A100A5A540 /* SingleResposibility.swift */; };
		74C822AD280AD59800A5A540 /* OpenClosedPrinciple.swift in Sources */ = {isa = PBXBuildFile; fileRef = 74C822AC280AD59800A5A540 /* OpenClosedPrinciple.swift */; };
		74C822AF280AE60C00A5A540 /* LiskovSubstitution.swift in Sources */ = {isa = PBXBuildFile; fileRef = 74C822AE280AE60C00A5A540 /* LiskovSubstitution.swift */; };
		74C822B1280AEA5F00A5A540 /* InterfaceSegregation.swift in Sources */ = {isa = PBXBuildFile; fileRef = 74C822B0280AEA5F00A5A540 /* InterfaceSegregation.swift */; };
		74C822B3280AF2B900A5A540 /* DependencyInversion.swift in Sources */ = {isa = PBXBuildFile; fileRef = 74C822B2280AF2B900A5A540 /* DependencyInversion.swift */; };
		74C822B6280B29B700A5A540 /* Builder.swift in Sources */ = {isa = PBXBuildFile; fileRef = 74C822B5280B29B700A5A540 /* Builder.swift */; };
		74C822BA280B315C00A5A540 /* FacetedBuilder.swift in Sources */ = {isa = PBXBuildFile; fileRef = 74C822B9280B315C00A5A540 /* FacetedBuilder.swift */; };
		74C822D0280C25C600A5A540 /* AbstractFactory.swift in Sources */ = {isa = PBXBuildFile; fileRef = 74C822CF280C25C600A5A540 /* AbstractFactory.swift */; };
		74C822D3280C25E500A5A540 /* CopyConstructor.swift in Sources */ = {isa = PBXBuildFile; fileRef = 74C822D2280C25E500A5A540 /* CopyConstructor.swift */; };
		74C822D6280C260000A5A540 /* Singleton.swift in Sources */ = {isa = PBXBuildFile; fileRef = 74C822D5280C260000A5A540 /* Singleton.swift */; };
		74C822D8280C260C00A5A540 /* Capitals.swift in Sources */ = {isa = PBXBuildFile; fileRef = 74C822D7280C260C00A5A540 /* Capitals.swift */; };
		74C822DC280C262F00A5A540 /* Adapter.swift in Sources */ = {isa = PBXBuildFile; fileRef = 74C822DB280C262F00A5A540 /* Adapter.swift */; };
/* End PBXBuildFile section */

/* Begin PBXCopyFilesBuildPhase section */
		74C8229D280AD26C00A5A540 /* CopyFiles */ = {
			isa = PBXCopyFilesBuildPhase;
			buildActionMask = 2147483647;
			dstPath = /usr/share/man/man1/;
			dstSubfolderSpec = 0;
			files = (
			);
			runOnlyForDeploymentPostprocessing = 1;
		};
/* End PBXCopyFilesBuildPhase section */

/* Begin PBXFileReference section */
		741F53C0281D004900D6039F /* ProtectionProxy.swift */ = {isa = PBXFileReference; lastKnownFileType = sourcecode.swift; path = ProtectionProxy.swift; sourceTree = "<group>"; };
		741F53C2281D024F00D6039F /* PropertyProxy.swift */ = {isa = PBXFileReference; lastKnownFileType = sourcecode.swift; path = PropertyProxy.swift; sourceTree = "<group>"; };
		741F53C6281D08FE00D6039F /* MethodChain.swift */ = {isa = PBXFileReference; lastKnownFileType = sourcecode.swift; path = MethodChain.swift; sourceTree = "<group>"; };
		741F53C8281D0E2B00D6039F /* BrokerChain.swift */ = {isa = PBXFileReference; lastKnownFileType = sourcecode.swift; path = BrokerChain.swift; sourceTree = "<group>"; };
		741F53CB281D5C1500D6039F /* Command.swift */ = {isa = PBXFileReference; lastKnownFileType = sourcecode.swift; path = Command.swift; sourceTree = "<group>"; };
		743026D2280DB5E10084797A /* Bridge.swift */ = {isa = PBXFileReference; lastKnownFileType = sourcecode.swift; path = Bridge.swift; sourceTree = "<group>"; };
		743026D5280DB6ED0084797A /* Composite.swift */ = {isa = PBXFileReference; lastKnownFileType = sourcecode.swift; path = Composite.swift; sourceTree = "<group>"; };
		743026D7280DB7C70084797A /* NeuralNetwork.swift */ = {isa = PBXFileReference; lastKnownFileType = sourcecode.swift; path = NeuralNetwork.swift; sourceTree = "<group>"; };
		747B84F528125EB000887045 /* CustomStringBuilder.swift */ = {isa = PBXFileReference; lastKnownFileType = sourcecode.swift; path = CustomStringBuilder.swift; sourceTree = "<group>"; };
		747B84F7281260FE00887045 /* MultipleInharitance.swift */ = {isa = PBXFileReference; lastKnownFileType = sourcecode.swift; path = MultipleInharitance.swift; sourceTree = "<group>"; };
		747B84F92812624200887045 /* DynamicDecorator.swift */ = {isa = PBXFileReference; lastKnownFileType = sourcecode.swift; path = DynamicDecorator.swift; sourceTree = "<group>"; };
		747B85082813C97B00887045 /* Facade.swift */ = {isa = PBXFileReference; lastKnownFileType = sourcecode.swift; path = Facade.swift; sourceTree = "<group>"; };
		747B850B2813CE0300887045 /* FlyWeight.swift */ = {isa = PBXFileReference; lastKnownFileType = sourcecode.swift; path = FlyWeight.swift; sourceTree = "<group>"; };
		747B850D2813D9FB00887045 /* TextFormatting.swift */ = {isa = PBXFileReference; lastKnownFileType = sourcecode.swift; path = TextFormatting.swift; sourceTree = "<group>"; };
		74C8229F280AD26C00A5A540 /* SwiftDesignPatterns */ = {isa = PBXFileReference; explicitFileType = "compiled.mach-o.executable"; includeInIndex = 0; path = SwiftDesignPatterns; sourceTree = BUILT_PRODUCTS_DIR; };
		74C822A2280AD26C00A5A540 /* main.swift */ = {isa = PBXFileReference; lastKnownFileType = sourcecode.swift; path = main.swift; sourceTree = "<group>"; };
		74C822AA280AD2A100A5A540 /* SingleResposibility.swift */ = {isa = PBXFileReference; lastKnownFileType = sourcecode.swift; path = SingleResposibility.swift; sourceTree = "<group>"; };
		74C822AC280AD59800A5A540 /* OpenClosedPrinciple.swift */ = {isa = PBXFileReference; lastKnownFileType = sourcecode.swift; path = OpenClosedPrinciple.swift; sourceTree = "<group>"; };
		74C822AE280AE60C00A5A540 /* LiskovSubstitution.swift */ = {isa = PBXFileReference; lastKnownFileType = sourcecode.swift; path = LiskovSubstitution.swift; sourceTree = "<group>"; };
		74C822B0280AEA5F00A5A540 /* InterfaceSegregation.swift */ = {isa = PBXFileReference; lastKnownFileType = sourcecode.swift; path = InterfaceSegregation.swift; sourceTree = "<group>"; };
		74C822B2280AF2B900A5A540 /* DependencyInversion.swift */ = {isa = PBXFileReference; lastKnownFileType = sourcecode.swift; path = DependencyInversion.swift; sourceTree = "<group>"; };
		74C822B5280B29B700A5A540 /* Builder.swift */ = {isa = PBXFileReference; lastKnownFileType = sourcecode.swift; path = Builder.swift; sourceTree = "<group>"; };
		74C822B9280B315C00A5A540 /* FacetedBuilder.swift */ = {isa = PBXFileReference; lastKnownFileType = sourcecode.swift; path = FacetedBuilder.swift; sourceTree = "<group>"; };
		74C822CF280C25C600A5A540 /* AbstractFactory.swift */ = {isa = PBXFileReference; fileEncoding = 4; lastKnownFileType = sourcecode.swift; path = AbstractFactory.swift; sourceTree = "<group>"; };
		74C822D2280C25E500A5A540 /* CopyConstructor.swift */ = {isa = PBXFileReference; fileEncoding = 4; lastKnownFileType = sourcecode.swift; path = CopyConstructor.swift; sourceTree = "<group>"; };
		74C822D5280C260000A5A540 /* Singleton.swift */ = {isa = PBXFileReference; fileEncoding = 4; lastKnownFileType = sourcecode.swift; path = Singleton.swift; sourceTree = "<group>"; };
		74C822D7280C260C00A5A540 /* Capitals.swift */ = {isa = PBXFileReference; fileEncoding = 4; lastKnownFileType = sourcecode.swift; path = Capitals.swift; sourceTree = "<group>"; };
		74C822DB280C262F00A5A540 /* Adapter.swift */ = {isa = PBXFileReference; fileEncoding = 4; lastKnownFileType = sourcecode.swift; path = Adapter.swift; sourceTree = "<group>"; };
/* End PBXFileReference section */

/* Begin PBXFrameworksBuildPhase section */
		74C8229C280AD26C00A5A540 /* Frameworks */ = {
			isa = PBXFrameworksBuildPhase;
			buildActionMask = 2147483647;
			files = (
			);
			runOnlyForDeploymentPostprocessing = 0;
		};
/* End PBXFrameworksBuildPhase section */

/* Begin PBXGroup section */
		741F53BF281CFFF600D6039F /* Proxy */ = {
			isa = PBXGroup;
			children = (
				741F53C0281D004900D6039F /* ProtectionProxy.swift */,
				741F53C2281D024F00D6039F /* PropertyProxy.swift */,
			);
			path = Proxy;
			sourceTree = "<group>";
		};
		741F53C4281D08B900D6039F /* Behavioral */ = {
			isa = PBXGroup;
			children = (
				741F53CA281D5C0600D6039F /* Command */,
				741F53C5281D08D000D6039F /* ChainOfResponsibility */,
			);
			path = Behavioral;
			sourceTree = "<group>";
		};
		741F53C5281D08D000D6039F /* ChainOfResponsibility */ = {
			isa = PBXGroup;
			children = (
				741F53C6281D08FE00D6039F /* MethodChain.swift */,
				741F53C8281D0E2B00D6039F /* BrokerChain.swift */,
			);
			path = ChainOfResponsibility;
			sourceTree = "<group>";
		};
		741F53CA281D5C0600D6039F /* Command */ = {
			isa = PBXGroup;
			children = (
				741F53CB281D5C1500D6039F /* Command.swift */,
			);
			path = Command;
			sourceTree = "<group>";
		};
		743026D1280DB5CE0084797A /* Bridge */ = {
			isa = PBXGroup;
			children = (
				743026D2280DB5E10084797A /* Bridge.swift */,
			);
			path = Bridge;
			sourceTree = "<group>";
		};
		743026D4280DB6E10084797A /* Composite */ = {
			isa = PBXGroup;
			children = (
				743026D5280DB6ED0084797A /* Composite.swift */,
				743026D7280DB7C70084797A /* NeuralNetwork.swift */,
			);
			path = Composite;
			sourceTree = "<group>";
		};
		747B84F428125E8400887045 /* Decorator */ = {
			isa = PBXGroup;
			children = (
				747B84F528125EB000887045 /* CustomStringBuilder.swift */,
				747B84F7281260FE00887045 /* MultipleInharitance.swift */,
				747B84F92812624200887045 /* DynamicDecorator.swift */,
			);
			path = Decorator;
			sourceTree = "<group>";
		};
		747B85072813C96200887045 /* Facade */ = {
			isa = PBXGroup;
			children = (
				747B85082813C97B00887045 /* Facade.swift */,
			);
			path = Facade;
			sourceTree = "<group>";
		};
		747B850A2813CDEA00887045 /* FlyWeight */ = {
			isa = PBXGroup;
			children = (
				747B850B2813CE0300887045 /* FlyWeight.swift */,
				747B850D2813D9FB00887045 /* TextFormatting.swift */,
			);
			path = FlyWeight;
			sourceTree = "<group>";
		};
		74C82296280AD26C00A5A540 = {
			isa = PBXGroup;
			children = (
				74C822A1280AD26C00A5A540 /* SwiftDesignPatterns */,
				74C822A0280AD26C00A5A540 /* Products */,
			);
			sourceTree = "<group>";
		};
		74C822A0280AD26C00A5A540 /* Products */ = {
			isa = PBXGroup;
			children = (
				74C8229F280AD26C00A5A540 /* SwiftDesignPatterns */,
			);
			name = Products;
			sourceTree = "<group>";
		};
		74C822A1280AD26C00A5A540 /* SwiftDesignPatterns */ = {
			isa = PBXGroup;
			children = (
				741F53C4281D08B900D6039F /* Behavioral */,
				74C822D9280C261B00A5A540 /* Structural */,
				74C822CD280C25A000A5A540 /* Creational */,
				74C822A9280AD27500A5A540 /* SOLID */,
				74C822A2280AD26C00A5A540 /* main.swift */,
			);
			path = SwiftDesignPatterns;
			sourceTree = "<group>";
		};
		74C822A9280AD27500A5A540 /* SOLID */ = {
			isa = PBXGroup;
			children = (
				74C822AA280AD2A100A5A540 /* SingleResposibility.swift */,
				74C822AC280AD59800A5A540 /* OpenClosedPrinciple.swift */,
				74C822AE280AE60C00A5A540 /* LiskovSubstitution.swift */,
				74C822B0280AEA5F00A5A540 /* InterfaceSegregation.swift */,
				74C822B2280AF2B900A5A540 /* DependencyInversion.swift */,
			);
			path = SOLID;
			sourceTree = "<group>";
		};
		74C822B4280B297B00A5A540 /* Builder */ = {
			isa = PBXGroup;
			children = (
				74C822B5280B29B700A5A540 /* Builder.swift */,
				74C822B9280B315C00A5A540 /* FacetedBuilder.swift */,
			);
			path = Builder;
			sourceTree = "<group>";
		};
		74C822CD280C25A000A5A540 /* Creational */ = {
			isa = PBXGroup;
			children = (
				74C822D4280C25F600A5A540 /* Singleton */,
				74C822D1280C25D900A5A540 /* Prototype */,
				74C822CE280C25B200A5A540 /* Factory */,
				74C822B4280B297B00A5A540 /* Builder */,
			);
			path = Creational;
			sourceTree = "<group>";
		};
		74C822CE280C25B200A5A540 /* Factory */ = {
			isa = PBXGroup;
			children = (
				74C822CF280C25C600A5A540 /* AbstractFactory.swift */,
			);
			path = Factory;
			sourceTree = "<group>";
		};
		74C822D1280C25D900A5A540 /* Prototype */ = {
			isa = PBXGroup;
			children = (
				74C822D2280C25E500A5A540 /* CopyConstructor.swift */,
			);
			path = Prototype;
			sourceTree = "<group>";
		};
		74C822D4280C25F600A5A540 /* Singleton */ = {
			isa = PBXGroup;
			children = (
				74C822D5280C260000A5A540 /* Singleton.swift */,
				74C822D7280C260C00A5A540 /* Capitals.swift */,
			);
			path = Singleton;
			sourceTree = "<group>";
		};
		74C822D9280C261B00A5A540 /* Structural */ = {
			isa = PBXGroup;
			children = (
				741F53BF281CFFF600D6039F /* Proxy */,
				747B850A2813CDEA00887045 /* FlyWeight */,
				747B85072813C96200887045 /* Facade */,
				747B84F428125E8400887045 /* Decorator */,
				743026D4280DB6E10084797A /* Composite */,
				743026D1280DB5CE0084797A /* Bridge */,
				74C822DA280C262500A5A540 /* Adapter */,
			);
			path = Structural;
			sourceTree = "<group>";
		};
		74C822DA280C262500A5A540 /* Adapter */ = {
			isa = PBXGroup;
			children = (
				74C822DB280C262F00A5A540 /* Adapter.swift */,
			);
			path = Adapter;
			sourceTree = "<group>";
		};
/* End PBXGroup section */

/* Begin PBXNativeTarget section */
		74C8229E280AD26C00A5A540 /* SwiftDesignPatterns */ = {
			isa = PBXNativeTarget;
			buildConfigurationList = 74C822A6280AD26C00A5A540 /* Build configuration list for PBXNativeTarget "SwiftDesignPatterns" */;
			buildPhases = (
				74C8229B280AD26C00A5A540 /* Sources */,
				74C8229C280AD26C00A5A540 /* Frameworks */,
				74C8229D280AD26C00A5A540 /* CopyFiles */,
			);
			buildRules = (
			);
			dependencies = (
			);
			name = SwiftDesignPatterns;
			productName = SwiftDesignPatterns;
			productReference = 74C8229F280AD26C00A5A540 /* SwiftDesignPatterns */;
			productType = "com.apple.product-type.tool";
		};
/* End PBXNativeTarget section */

/* Begin PBXProject section */
		74C82297280AD26C00A5A540 /* Project object */ = {
			isa = PBXProject;
			attributes = {
				BuildIndependentTargetsInParallel = 1;
				LastSwiftUpdateCheck = 1300;
				LastUpgradeCheck = 1300;
				TargetAttributes = {
					74C8229E280AD26C00A5A540 = {
						CreatedOnToolsVersion = 13.0;
					};
				};
			};
			buildConfigurationList = 74C8229A280AD26C00A5A540 /* Build configuration list for PBXProject "SwiftDesignPatterns" */;
			compatibilityVersion = "Xcode 13.0";
			developmentRegion = en;
			hasScannedForEncodings = 0;
			knownRegions = (
				en,
				Base,
			);
			mainGroup = 74C82296280AD26C00A5A540;
			productRefGroup = 74C822A0280AD26C00A5A540 /* Products */;
			projectDirPath = "";
			projectRoot = "";
			targets = (
				74C8229E280AD26C00A5A540 /* SwiftDesignPatterns */,
			);
		};
/* End PBXProject section */

/* Begin PBXSourcesBuildPhase section */
		74C8229B280AD26C00A5A540 /* Sources */ = {
			isa = PBXSourcesBuildPhase;
			buildActionMask = 2147483647;
			files = (
				741F53C9281D0E2B00D6039F /* BrokerChain.swift in Sources */,
				74C822DC280C262F00A5A540 /* Adapter.swift in Sources */,
				74C822D0280C25C600A5A540 /* AbstractFactory.swift in Sources */,
				743026D3280DB5E10084797A /* Bridge.swift in Sources */,
				74C822B1280AEA5F00A5A540 /* InterfaceSegregation.swift in Sources */,
				741F53CC281D5C1500D6039F /* Command.swift in Sources */,
				74C822AF280AE60C00A5A540 /* LiskovSubstitution.swift in Sources */,
				74C822BA280B315C00A5A540 /* FacetedBuilder.swift in Sources */,
				74C822B6280B29B700A5A540 /* Builder.swift in Sources */,
				74C822B3280AF2B900A5A540 /* DependencyInversion.swift in Sources */,
				74C822D6280C260000A5A540 /* Singleton.swift in Sources */,
				74C822AB280AD2A100A5A540 /* SingleResposibility.swift in Sources */,
				747B850C2813CE0300887045 /* FlyWeight.swift in Sources */,
				743026D6280DB6ED0084797A /* Composite.swift in Sources */,
				747B85092813C97B00887045 /* Facade.swift in Sources */,
				741F53C3281D025000D6039F /* PropertyProxy.swift in Sources */,
				74C822AD280AD59800A5A540 /* OpenClosedPrinciple.swift in Sources */,
				741F53C7281D08FE00D6039F /* MethodChain.swift in Sources */,
				747B84F8281260FE00887045 /* MultipleInharitance.swift in Sources */,
				741F53C1281D004900D6039F /* ProtectionProxy.swift in Sources */,
				74C822A3280AD26C00A5A540 /* main.swift in Sources */,
				747B84FA2812624200887045 /* DynamicDecorator.swift in Sources */,
				747B84F628125EB000887045 /* CustomStringBuilder.swift in Sources */,
				74C822D8280C260C00A5A540 /* Capitals.swift in Sources */,
				747B850E2813D9FB00887045 /* TextFormatting.swift in Sources */,
				74C822D3280C25E500A5A540 /* CopyConstructor.swift in Sources */,
				743026D8280DB7C70084797A /* NeuralNetwork.swift in Sources */,
			);
			runOnlyForDeploymentPostprocessing = 0;
		};
/* End PBXSourcesBuildPhase section */

/* Begin XCBuildConfiguration section */
		74C822A4280AD26C00A5A540 /* Debug */ = {
			isa = XCBuildConfiguration;
			buildSettings = {
				ALWAYS_SEARCH_USER_PATHS = NO;
				CLANG_ANALYZER_NONNULL = YES;
				CLANG_ANALYZER_NUMBER_OBJECT_CONVERSION = YES_AGGRESSIVE;
				CLANG_CXX_LANGUAGE_STANDARD = "gnu++17";
				CLANG_CXX_LIBRARY = "libc++";
				CLANG_ENABLE_MODULES = YES;
				CLANG_ENABLE_OBJC_ARC = YES;
				CLANG_ENABLE_OBJC_WEAK = YES;
				CLANG_WARN_BLOCK_CAPTURE_AUTORELEASING = YES;
				CLANG_WARN_BOOL_CONVERSION = YES;
				CLANG_WARN_COMMA = YES;
				CLANG_WARN_CONSTANT_CONVERSION = YES;
				CLANG_WARN_DEPRECATED_OBJC_IMPLEMENTATIONS = YES;
				CLANG_WARN_DIRECT_OBJC_ISA_USAGE = YES_ERROR;
				CLANG_WARN_DOCUMENTATION_COMMENTS = YES;
				CLANG_WARN_EMPTY_BODY = YES;
				CLANG_WARN_ENUM_CONVERSION = YES;
				CLANG_WARN_INFINITE_RECURSION = YES;
				CLANG_WARN_INT_CONVERSION = YES;
				CLANG_WARN_NON_LITERAL_NULL_CONVERSION = YES;
				CLANG_WARN_OBJC_IMPLICIT_RETAIN_SELF = YES;
				CLANG_WARN_OBJC_LITERAL_CONVERSION = YES;
				CLANG_WARN_OBJC_ROOT_CLASS = YES_ERROR;
				CLANG_WARN_QUOTED_INCLUDE_IN_FRAMEWORK_HEADER = YES;
				CLANG_WARN_RANGE_LOOP_ANALYSIS = YES;
				CLANG_WARN_STRICT_PROTOTYPES = YES;
				CLANG_WARN_SUSPICIOUS_MOVE = YES;
				CLANG_WARN_UNGUARDED_AVAILABILITY = YES_AGGRESSIVE;
				CLANG_WARN_UNREACHABLE_CODE = YES;
				CLANG_WARN__DUPLICATE_METHOD_MATCH = YES;
				COPY_PHASE_STRIP = NO;
				DEBUG_INFORMATION_FORMAT = dwarf;
				ENABLE_STRICT_OBJC_MSGSEND = YES;
				ENABLE_TESTABILITY = YES;
				GCC_C_LANGUAGE_STANDARD = gnu11;
				GCC_DYNAMIC_NO_PIC = NO;
				GCC_NO_COMMON_BLOCKS = YES;
				GCC_OPTIMIZATION_LEVEL = 0;
				GCC_PREPROCESSOR_DEFINITIONS = (
					"DEBUG=1",
					"$(inherited)",
				);
				GCC_WARN_64_TO_32_BIT_CONVERSION = YES;
				GCC_WARN_ABOUT_RETURN_TYPE = YES_ERROR;
				GCC_WARN_UNDECLARED_SELECTOR = YES;
				GCC_WARN_UNINITIALIZED_AUTOS = YES_AGGRESSIVE;
				GCC_WARN_UNUSED_FUNCTION = YES;
				GCC_WARN_UNUSED_VARIABLE = YES;
				MACOSX_DEPLOYMENT_TARGET = 11.3;
				MTL_ENABLE_DEBUG_INFO = INCLUDE_SOURCE;
				MTL_FAST_MATH = YES;
				ONLY_ACTIVE_ARCH = YES;
				SDKROOT = macosx;
				SWIFT_ACTIVE_COMPILATION_CONDITIONS = DEBUG;
				SWIFT_OPTIMIZATION_LEVEL = "-Onone";
			};
			name = Debug;
		};
		74C822A5280AD26C00A5A540 /* Release */ = {
			isa = XCBuildConfiguration;
			buildSettings = {
				ALWAYS_SEARCH_USER_PATHS = NO;
				CLANG_ANALYZER_NONNULL = YES;
				CLANG_ANALYZER_NUMBER_OBJECT_CONVERSION = YES_AGGRESSIVE;
				CLANG_CXX_LANGUAGE_STANDARD = "gnu++17";
				CLANG_CXX_LIBRARY = "libc++";
				CLANG_ENABLE_MODULES = YES;
				CLANG_ENABLE_OBJC_ARC = YES;
				CLANG_ENABLE_OBJC_WEAK = YES;
				CLANG_WARN_BLOCK_CAPTURE_AUTORELEASING = YES;
				CLANG_WARN_BOOL_CONVERSION = YES;
				CLANG_WARN_COMMA = YES;
				CLANG_WARN_CONSTANT_CONVERSION = YES;
				CLANG_WARN_DEPRECATED_OBJC_IMPLEMENTATIONS = YES;
				CLANG_WARN_DIRECT_OBJC_ISA_USAGE = YES_ERROR;
				CLANG_WARN_DOCUMENTATION_COMMENTS = YES;
				CLANG_WARN_EMPTY_BODY = YES;
				CLANG_WARN_ENUM_CONVERSION = YES;
				CLANG_WARN_INFINITE_RECURSION = YES;
				CLANG_WARN_INT_CONVERSION = YES;
				CLANG_WARN_NON_LITERAL_NULL_CONVERSION = YES;
				CLANG_WARN_OBJC_IMPLICIT_RETAIN_SELF = YES;
				CLANG_WARN_OBJC_LITERAL_CONVERSION = YES;
				CLANG_WARN_OBJC_ROOT_CLASS = YES_ERROR;
				CLANG_WARN_QUOTED_INCLUDE_IN_FRAMEWORK_HEADER = YES;
				CLANG_WARN_RANGE_LOOP_ANALYSIS = YES;
				CLANG_WARN_STRICT_PROTOTYPES = YES;
				CLANG_WARN_SUSPICIOUS_MOVE = YES;
				CLANG_WARN_UNGUARDED_AVAILABILITY = YES_AGGRESSIVE;
				CLANG_WARN_UNREACHABLE_CODE = YES;
				CLANG_WARN__DUPLICATE_METHOD_MATCH = YES;
				COPY_PHASE_STRIP = NO;
				DEBUG_INFORMATION_FORMAT = "dwarf-with-dsym";
				ENABLE_NS_ASSERTIONS = NO;
				ENABLE_STRICT_OBJC_MSGSEND = YES;
				GCC_C_LANGUAGE_STANDARD = gnu11;
				GCC_NO_COMMON_BLOCKS = YES;
				GCC_WARN_64_TO_32_BIT_CONVERSION = YES;
				GCC_WARN_ABOUT_RETURN_TYPE = YES_ERROR;
				GCC_WARN_UNDECLARED_SELECTOR = YES;
				GCC_WARN_UNINITIALIZED_AUTOS = YES_AGGRESSIVE;
				GCC_WARN_UNUSED_FUNCTION = YES;
				GCC_WARN_UNUSED_VARIABLE = YES;
				MACOSX_DEPLOYMENT_TARGET = 11.3;
				MTL_ENABLE_DEBUG_INFO = NO;
				MTL_FAST_MATH = YES;
				SDKROOT = macosx;
				SWIFT_COMPILATION_MODE = wholemodule;
				SWIFT_OPTIMIZATION_LEVEL = "-O";
			};
			name = Release;
		};
		74C822A7280AD26C00A5A540 /* Debug */ = {
			isa = XCBuildConfiguration;
			buildSettings = {
				CODE_SIGN_STYLE = Automatic;
				DEVELOPMENT_TEAM = XS567D7DQ9;
				ENABLE_HARDENED_RUNTIME = YES;
				PRODUCT_NAME = "$(TARGET_NAME)";
				SWIFT_VERSION = 5.0;
			};
			name = Debug;
		};
		74C822A8280AD26C00A5A540 /* Release */ = {
			isa = XCBuildConfiguration;
			buildSettings = {
				CODE_SIGN_STYLE = Automatic;
				DEVELOPMENT_TEAM = XS567D7DQ9;
				ENABLE_HARDENED_RUNTIME = YES;
				PRODUCT_NAME = "$(TARGET_NAME)";
				SWIFT_VERSION = 5.0;
			};
			name = Release;
		};
/* End XCBuildConfiguration section */

/* Begin XCConfigurationList section */
		74C8229A280AD26C00A5A540 /* Build configuration list for PBXProject "SwiftDesignPatterns" */ = {
			isa = XCConfigurationList;
			buildConfigurations = (
				74C822A4280AD26C00A5A540 /* Debug */,
				74C822A5280AD26C00A5A540 /* Release */,
			);
			defaultConfigurationIsVisible = 0;
			defaultConfigurationName = Release;
		};
		74C822A6280AD26C00A5A540 /* Build configuration list for PBXNativeTarget "SwiftDesignPatterns" */ = {
			isa = XCConfigurationList;
			buildConfigurations = (
				74C822A7280AD26C00A5A540 /* Debug */,
				74C822A8280AD26C00A5A540 /* Release */,
			);
			defaultConfigurationIsVisible = 0;
			defaultConfigurationName = Release;
		};
/* End XCConfigurationList section */
	};
	rootObject = 74C82297280AD26C00A5A540 /* Project object */;
}
